
Microsoft Visual Studio Solution File, Format Version 12.00
Project("{FAE04EC0-301F-11D3-BF4B-00C04F79EFBC}") = "Nanoforge", "Nanoforge\Nanoforge.csproj", "{03104950-D271-4653-8ADE-02A388A3582F}"
EndProject
Global
	GlobalSection(SolutionConfigurationPlatforms) = preSolution
		Debug|Any CPU = Debug|Any CPU
		Release|Any CPU = Release|Any CPU
	EndGlobalSection
	GlobalSection(ProjectConfigurationPlatforms) = postSolution
		{03104950-D271-4653-8ADE-02A388A3582F}.Debug|Any CPU.ActiveCfg = Debug|Any CPU
		{03104950-D271-4653-8ADE-02A388A3582F}.Debug|Any CPU.Build.0 = Debug|Any CPU
		{03104950-D271-4653-8ADE-02A388A3582F}.Release|Any CPU.ActiveCfg = Release|Any CPU
		{03104950-D271-4653-8ADE-02A388A3582F}.Release|Any CPU.Build.0 = Release|Any CPU
	EndGlobalSection
EndGlobal
